
Microsoft Visual Studio Solution File, Format Version 12.00
# Visual Studio 15
VisualStudioVersion = 15.0.26124.0
MinimumVisualStudioVersion = 15.0.26124.0
Project("{FAE04EC0-301F-11D3-BF4B-00C04F79EFBC}") = "Mensagens.Dominio", "Mensagens.Dominio\Mensagens.Dominio.csproj", "{97EDF96E-B565-4DB4-BA25-03FF8B80791D}"
EndProject
Project("{FAE04EC0-301F-11D3-BF4B-00C04F79EFBC}") = "Mensagens.Webapi", "Mensagens.Webapi\Mensagens.Webapi.csproj", "{64EC3004-07B5-45CA-BF10-33CCA8398EF3}"
EndProject
Project("{FAE04EC0-301F-11D3-BF4B-00C04F79EFBC}") = "Mensagens.Infra", "Mensagens.Infra\Mensagens.Infra.csproj", "{D45D97F9-DBB2-4592-96EF-70F150880F82}"
EndProject
Global
	GlobalSection(SolutionConfigurationPlatforms) = preSolution
		Debug|Any CPU = Debug|Any CPU
		Debug|x64 = Debug|x64
		Debug|x86 = Debug|x86
		Release|Any CPU = Release|Any CPU
		Release|x64 = Release|x64
		Release|x86 = Release|x86
	EndGlobalSection
	GlobalSection(SolutionProperties) = preSolution
		HideSolutionNode = FALSE
	EndGlobalSection
	GlobalSection(ProjectConfigurationPlatforms) = postSolution
		{97EDF96E-B565-4DB4-BA25-03FF8B80791D}.Debug|Any CPU.ActiveCfg = Debug|Any CPU
		{97EDF96E-B565-4DB4-BA25-03FF8B80791D}.Debug|Any CPU.Build.0 = Debug|Any CPU
		{97EDF96E-B565-4DB4-BA25-03FF8B80791D}.Debug|x64.ActiveCfg = Debug|Any CPU
		{97EDF96E-B565-4DB4-BA25-03FF8B80791D}.Debug|x64.Build.0 = Debug|Any CPU
		{97EDF96E-B565-4DB4-BA25-03FF8B80791D}.Debug|x86.ActiveCfg = Debug|Any CPU
		{97EDF96E-B565-4DB4-BA25-03FF8B80791D}.Debug|x86.Build.0 = Debug|Any CPU
		{97EDF96E-B565-4DB4-BA25-03FF8B80791D}.Release|Any CPU.ActiveCfg = Release|Any CPU
		{97EDF96E-B565-4DB4-BA25-03FF8B80791D}.Release|Any CPU.Build.0 = Release|Any CPU
		{97EDF96E-B565-4DB4-BA25-03FF8B80791D}.Release|x64.ActiveCfg = Release|Any CPU
		{97EDF96E-B565-4DB4-BA25-03FF8B80791D}.Release|x64.Build.0 = Release|Any CPU
		{97EDF96E-B565-4DB4-BA25-03FF8B80791D}.Release|x86.ActiveCfg = Release|Any CPU
		{97EDF96E-B565-4DB4-BA25-03FF8B80791D}.Release|x86.Build.0 = Release|Any CPU
		{64EC3004-07B5-45CA-BF10-33CCA8398EF3}.Debug|Any CPU.ActiveCfg = Debug|Any CPU
		{64EC3004-07B5-45CA-BF10-33CCA8398EF3}.Debug|Any CPU.Build.0 = Debug|Any CPU
		{64EC3004-07B5-45CA-BF10-33CCA8398EF3}.Debug|x64.ActiveCfg = Debug|Any CPU
		{64EC3004-07B5-45CA-BF10-33CCA8398EF3}.Debug|x64.Build.0 = Debug|Any CPU
		{64EC3004-07B5-45CA-BF10-33CCA8398EF3}.Debug|x86.ActiveCfg = Debug|Any CPU
		{64EC3004-07B5-45CA-BF10-33CCA8398EF3}.Debug|x86.Build.0 = Debug|Any CPU
		{64EC3004-07B5-45CA-BF10-33CCA8398EF3}.Release|Any CPU.ActiveCfg = Release|Any CPU
		{64EC3004-07B5-45CA-BF10-33CCA8398EF3}.Release|Any CPU.Build.0 = Release|Any CPU
		{64EC3004-07B5-45CA-BF10-33CCA8398EF3}.Release|x64.ActiveCfg = Release|Any CPU
		{64EC3004-07B5-45CA-BF10-33CCA8398EF3}.Release|x64.Build.0 = Release|Any CPU
		{64EC3004-07B5-45CA-BF10-33CCA8398EF3}.Release|x86.ActiveCfg = Release|Any CPU
		{64EC3004-07B5-45CA-BF10-33CCA8398EF3}.Release|x86.Build.0 = Release|Any CPU
		{D45D97F9-DBB2-4592-96EF-70F150880F82}.Debug|Any CPU.ActiveCfg = Debug|Any CPU
		{D45D97F9-DBB2-4592-96EF-70F150880F82}.Debug|Any CPU.Build.0 = Debug|Any CPU
		{D45D97F9-DBB2-4592-96EF-70F150880F82}.Debug|x64.ActiveCfg = Debug|Any CPU
		{D45D97F9-DBB2-4592-96EF-70F150880F82}.Debug|x64.Build.0 = Debug|Any CPU
		{D45D97F9-DBB2-4592-96EF-70F150880F82}.Debug|x86.ActiveCfg = Debug|Any CPU
		{D45D97F9-DBB2-4592-96EF-70F150880F82}.Debug|x86.Build.0 = Debug|Any CPU
		{D45D97F9-DBB2-4592-96EF-70F150880F82}.Release|Any CPU.ActiveCfg = Release|Any CPU
		{D45D97F9-DBB2-4592-96EF-70F150880F82}.Release|Any CPU.Build.0 = Release|Any CPU
		{D45D97F9-DBB2-4592-96EF-70F150880F82}.Release|x64.ActiveCfg = Release|Any CPU
		{D45D97F9-DBB2-4592-96EF-70F150880F82}.Release|x64.Build.0 = Release|Any CPU
		{D45D97F9-DBB2-4592-96EF-70F150880F82}.Release|x86.ActiveCfg = Release|Any CPU
		{D45D97F9-DBB2-4592-96EF-70F150880F82}.Release|x86.Build.0 = Release|Any CPU
	EndGlobalSection
EndGlobal
